
Microsoft Visual Studio Solution File, Format Version 12.00
# Visual Studio Version 17
VisualStudioVersion = 17.8.34525.116
MinimumVisualStudioVersion = 10.0.40219.1
Project("{FAE04EC0-301F-11D3-BF4B-00C04F79EFBC}") = "BookBazaar.Server", "BookBazaar.Server\BookBazaar.Server.csproj", "{84ACE67D-7791-4CA1-8C9A-572F4A95A837}"
EndProject
Project("{54A90642-561A-4BB1-A94E-469ADEE60C69}") = "bookbazaar.client", "bookbazaar.client\bookbazaar.client.esproj", "{2737B6B7-8F10-4A83-89E4-B5DF634237BE}"
EndProject
Global
	GlobalSection(SolutionConfigurationPlatforms) = preSolution
		Debug|Any CPU = Debug|Any CPU
		Release|Any CPU = Release|Any CPU
	EndGlobalSection
	GlobalSection(ProjectConfigurationPlatforms) = postSolution
		{84ACE67D-7791-4CA1-8C9A-572F4A95A837}.Debug|Any CPU.ActiveCfg = Debug|Any CPU
		{84ACE67D-7791-4CA1-8C9A-572F4A95A837}.Debug|Any CPU.Build.0 = Debug|Any CPU
		{84ACE67D-7791-4CA1-8C9A-572F4A95A837}.Release|Any CPU.ActiveCfg = Release|Any CPU
		{84ACE67D-7791-4CA1-8C9A-572F4A95A837}.Release|Any CPU.Build.0 = Release|Any CPU
		{2737B6B7-8F10-4A83-89E4-B5DF634237BE}.Debug|Any CPU.ActiveCfg = Debug|Any CPU
		{2737B6B7-8F10-4A83-89E4-B5DF634237BE}.Debug|Any CPU.Build.0 = Debug|Any CPU
		{2737B6B7-8F10-4A83-89E4-B5DF634237BE}.Debug|Any CPU.Deploy.0 = Debug|Any CPU
		{2737B6B7-8F10-4A83-89E4-B5DF634237BE}.Release|Any CPU.ActiveCfg = Release|Any CPU
		{2737B6B7-8F10-4A83-89E4-B5DF634237BE}.Release|Any CPU.Build.0 = Release|Any CPU
		{2737B6B7-8F10-4A83-89E4-B5DF634237BE}.Release|Any CPU.Deploy.0 = Release|Any CPU
	EndGlobalSection
	GlobalSection(SolutionProperties) = preSolution
		HideSolutionNode = FALSE
	EndGlobalSection
	GlobalSection(ExtensibilityGlobals) = postSolution
		SolutionGuid = {055FF962-8A3C-49FE-AE99-39BB1019030D}
	EndGlobalSection
EndGlobal
